// !$*UTF8*$!
{
	archiveVersion = 1;
	classes = {
	};
	objectVersion = 77;
	objects = {

/* Begin PBXBuildFile section */
		1A1A1A1A1A1A1A1A1A1A002A /* BudgetWidgets.appex in Embed Foundation Extensions */ = {isa = PBXBuildFile; fileRef = 1A1A1A1A1A1A1A1A1A1A0021 /* BudgetWidgets.appex */; settings = {ATTRIBUTES = (RemoveHeadersOnCopy, ); }; };
/* End PBXBuildFile section */

/* Begin PBXContainerItemProxy section */
		1A1A1A1A1A1A1A1A1A1A002C /* PBXContainerItemProxy */ = {
			isa = PBXContainerItemProxy;
			containerPortal = 1A1A1A1A1A1A1A1A1A1A0001 /* Project object */;
			proxyType = 1;
			remoteGlobalIDString = 1A1A1A1A1A1A1A1A1A1A0022;
			remoteInfo = BudgetWidgets;
		};
		1A1A1A1A1A1A1A1A1A1A003A /* PBXContainerItemProxy */ = {
			isa = PBXContainerItemProxy;
			containerPortal = 1A1A1A1A1A1A1A1A1A1A0001 /* Project object */;
			proxyType = 1;
			remoteGlobalIDString = 1A1A1A1A1A1A1A1A1A1A0006;
			remoteInfo = Budget;
		};
/* End PBXContainerItemProxy section */

/* Begin PBXCopyFilesBuildPhase section */
		1A1A1A1A1A1A1A1A1A1A0029 /* Embed Foundation Extensions */ = {
			isa = PBXCopyFilesBuildPhase;
			buildActionMask = 2147483647;
			dstPath = "";
			dstSubfolderSpec = 13;
			files = (
				1A1A1A1A1A1A1A1A1A1A002A /* BudgetWidgets.appex in Embed Foundation Extensions */,
			);
			name = "Embed Foundation Extensions";
			runOnlyForDeploymentPostprocessing = 0;
		};
/* End PBXCopyFilesBuildPhase section */

/* Begin PBXFileReference section */
		1A1A1A1A1A1A1A1A1A1A0005 /* Budget.app */ = {isa = PBXFileReference; explicitFileType = wrapper.application; includeInIndex = 0; path = Budget.app; sourceTree = BUILT_PRODUCTS_DIR; };
		1A1A1A1A1A1A1A1A1A1A0021 /* BudgetWidgets.appex */ = {isa = PBXFileReference; explicitFileType = "wrapper.app-extension"; includeInIndex = 0; path = BudgetWidgets.appex; sourceTree = BUILT_PRODUCTS_DIR; };
		1A1A1A1A1A1A1A1A1A1A0031 /* BudgetTests.xctest */ = {isa = PBXFileReference; explicitFileType = wrapper.cfbundle; includeInIndex = 0; path = BudgetTests.xctest; sourceTree = BUILT_PRODUCTS_DIR; };
/* End PBXFileReference section */

/* Begin PBXFileSystemSynchronizedBuildFileExceptionSet section */
		1A1A1A1A1A1A1A1A1A1A002D /* Exceptions for "BudgetWidgets" folder in "BudgetWidgets" target */ = {
			isa = PBXFileSystemSynchronizedBuildFileExceptionSet;
			membershipExceptions = (
				Info.plist,
			);
			target = 1A1A1A1A1A1A1A1A1A1A0022 /* BudgetWidgets */;
		};
/* End PBXFileSystemSynchronizedBuildFileExceptionSet section */

/* Begin PBXFileSystemSynchronizedRootGroup section */
		1A1A1A1A1A1A1A1A1A1A0004 /* Budget */ = {
			isa = PBXFileSystemSynchronizedRootGroup;
			path = Budget;
			sourceTree = "<group>";
		};
		1A1A1A1A1A1A1A1A1A1A0020 /* BudgetWidgets */ = {
			isa = PBXFileSystemSynchronizedRootGroup;
			exceptions = (
				1A1A1A1A1A1A1A1A1A1A002D /* Exceptions for "BudgetWidgets" folder in "BudgetWidgets" target */,
			);
			path = BudgetWidgets;
			sourceTree = "<group>";
		};
		1A1A1A1A1A1A1A1A1A1A0030 /* BudgetTests */ = {
			isa = PBXFileSystemSynchronizedRootGroup;
			path = BudgetTests;
			sourceTree = "<group>";
		};
/* End PBXFileSystemSynchronizedRootGroup section */

/* Begin PBXFrameworksBuildPhase section */
		1A1A1A1A1A1A1A1A1A1A0008 /* Frameworks */ = {
			isa = PBXFrameworksBuildPhase;
			buildActionMask = 2147483647;
			files = (
			);
			runOnlyForDeploymentPostprocessing = 0;
		};
		1A1A1A1A1A1A1A1A1A1A0024 /* Frameworks */ = {
			isa = PBXFrameworksBuildPhase;
			buildActionMask = 2147483647;
			files = (
			);
			runOnlyForDeploymentPostprocessing = 0;
		};
		1A1A1A1A1A1A1A1A1A1A0034 /* Frameworks */ = {
			isa = PBXFrameworksBuildPhase;
			buildActionMask = 2147483647;
			files = (
			);
			runOnlyForDeploymentPostprocessing = 0;
		};
/* End PBXFrameworksBuildPhase section */

/* Begin PBXGroup section */
		1A1A1A1A1A1A1A1A1A1A0002 = {
			isa = PBXGroup;
			children = (
				1A1A1A1A1A1A1A1A1A1A0004 /* Budget */,
				1A1A1A1A1A1A1A1A1A1A0020 /* BudgetWidgets */,
				1A1A1A1A1A1A1A1A1A1A0030 /* BudgetTests */,
				1A1A1A1A1A1A1A1A1A1A0003 /* Products */,
			);
			sourceTree = "<group>";
		};
		1A1A1A1A1A1A1A1A1A1A0003 /* Products */ = {
			isa = PBXGroup;
			children = (
				1A1A1A1A1A1A1A1A1A1A0005 /* Budget.app */,
				1A1A1A1A1A1A1A1A1A1A0021 /* BudgetWidgets.appex */,
				1A1A1A1A1A1A1A1A1A1A0031 /* BudgetTests.xctest */,
			);
			name = Products;
			sourceTree = "<group>";
		};
/* End PBXGroup section */

/* Begin PBXNativeTarget section */
		1A1A1A1A1A1A1A1A1A1A0006 /* Budget */ = {
			isa = PBXNativeTarget;
			buildConfigurationList = 1A1A1A1A1A1A1A1A1A1A000D /* Build configuration list for PBXNativeTarget "Budget" */;
			buildPhases = (
				1A1A1A1A1A1A1A1A1A1A0007 /* Sources */,
				1A1A1A1A1A1A1A1A1A1A0008 /* Frameworks */,
				1A1A1A1A1A1A1A1A1A1A0009 /* Resources */,
				1A1A1A1A1A1A1A1A1A1A0029 /* Embed Foundation Extensions */,
			);
			buildRules = (
			);
			dependencies = (
				1A1A1A1A1A1A1A1A1A1A002B /* PBXTargetDependency */,
			);
			fileSystemSynchronizedGroups = (
				1A1A1A1A1A1A1A1A1A1A0004 /* Budget */,
			);
			name = Budget;
			productName = Budget;
			productReference = 1A1A1A1A1A1A1A1A1A1A0005 /* Budget.app */;
			productType = "com.apple.product-type.application";
		};
		1A1A1A1A1A1A1A1A1A1A0022 /* BudgetWidgets */ = {
			isa = PBXNativeTarget;
			buildConfigurationList = 1A1A1A1A1A1A1A1A1A1A0026 /* Build configuration list for PBXNativeTarget "BudgetWidgets" */;
			buildPhases = (
				1A1A1A1A1A1A1A1A1A1A0023 /* Sources */,
				1A1A1A1A1A1A1A1A1A1A0024 /* Frameworks */,
				1A1A1A1A1A1A1A1A1A1A0025 /* Resources */,
			);
			buildRules = (
			);
			dependencies = (
			);
			fileSystemSynchronizedGroups = (
				1A1A1A1A1A1A1A1A1A1A0020 /* BudgetWidgets */,
			);
			name = BudgetWidgets;
			productName = BudgetWidgets;
			productReference = 1A1A1A1A1A1A1A1A1A1A0021 /* BudgetWidgets.appex */;
			productType = "com.apple.product-type.app-extension";
		};
		1A1A1A1A1A1A1A1A1A1A0032 /* BudgetTests */ = {
			isa = PBXNativeTarget;
			buildConfigurationList = 1A1A1A1A1A1A1A1A1A1A0036 /* Build configuration list for PBXNativeTarget "BudgetTests" */;
			buildPhases = (
				1A1A1A1A1A1A1A1A1A1A0033 /* Sources */,
				1A1A1A1A1A1A1A1A1A1A0034 /* Frameworks */,
				1A1A1A1A1A1A1A1A1A1A0035 /* Resources */,
			);
			buildRules = (
			);
			dependencies = (
				1A1A1A1A1A1A1A1A1A1A0039 /* PBXTargetDependency */,
			);
			fileSystemSynchronizedGroups = (
				1A1A1A1A1A1A1A1A1A1A0030 /* BudgetTests */,
			);
			name = BudgetTests;
			productName = BudgetTests;
			productReference = 1A1A1A1A1A1A1A1A1A1A0031 /* BudgetTests.xctest */;
			productType = "com.apple.product-type.bundle.unit-test";
		};
/* End PBXNativeTarget section */

/* Begin PBXProject section */
		1A1A1A1A1A1A1A1A1A1A0001 /* Project object */ = {
			isa = PBXProject;
			attributes = {
				BuildIndependentTargetsInParallel = 1;
				LastSwiftUpdateCheck = 2650;
				LastUpgradeCheck = 2650;
				TargetAttributes = {
					1A1A1A1A1A1A1A1A1A1A0006 = {
						CreatedOnToolsVersion = 26.5;
					};
					1A1A1A1A1A1A1A1A1A1A0022 = {
						CreatedOnToolsVersion = 26.5;
					};
					1A1A1A1A1A1A1A1A1A1A0032 = {
						CreatedOnToolsVersion = 26.5;
						TestTargetID = 1A1A1A1A1A1A1A1A1A1A0006;
					};
				};
			};
			buildConfigurationList = 1A1A1A1A1A1A1A1A1A1A000A /* Build configuration list for PBXProject "Budget" */;
			developmentRegion = en;
			hasScannedForEncodings = 0;
			knownRegions = (
				en,
				Base,
			);
			mainGroup = 1A1A1A1A1A1A1A1A1A1A0002;
			minimizedProjectReferenceProxies = 1;
			preferredProjectObjectVersion = 77;
			productRefGroup = 1A1A1A1A1A1A1A1A1A1A0003 /* Products */;
			projectDirPath = "";
			projectRoot = "";
			targets = (
				1A1A1A1A1A1A1A1A1A1A0006 /* Budget */,
				1A1A1A1A1A1A1A1A1A1A0022 /* BudgetWidgets */,
				1A1A1A1A1A1A1A1A1A1A0032 /* BudgetTests */,
			);
		};
/* End PBXProject section */

/* Begin PBXResourcesBuildPhase section */
		1A1A1A1A1A1A1A1A1A1A0009 /* Resources */ = {
			isa = PBXResourcesBuildPhase;
			buildActionMask = 2147483647;
			files = (
			);
			runOnlyForDeploymentPostprocessing = 0;
		};
		1A1A1A1A1A1A1A1A1A1A0025 /* Resources */ = {
			isa = PBXResourcesBuildPhase;
			buildActionMask = 2147483647;
			files = (
			);
			runOnlyForDeploymentPostprocessing = 0;
		};
		1A1A1A1A1A1A1A1A1A1A0035 /* Resources */ = {
			isa = PBXResourcesBuildPhase;
			buildActionMask = 2147483647;
			files = (
			);
			runOnlyForDeploymentPostprocessing = 0;
		};
/* End PBXResourcesBuildPhase section */

/* Begin PBXSourcesBuildPhase section */
		1A1A1A1A1A1A1A1A1A1A0007 /* Sources */ = {
			isa = PBXSourcesBuildPhase;
			buildActionMask = 2147483647;
			files = (
			);
			runOnlyForDeploymentPostprocessing = 0;
		};
		1A1A1A1A1A1A1A1A1A1A0023 /* Sources */ = {
			isa = PBXSourcesBuildPhase;
			buildActionMask = 2147483647;
			files = (
			);
			runOnlyForDeploymentPostprocessing = 0;
		};
		1A1A1A1A1A1A1A1A1A1A0033 /* Sources */ = {
			isa = PBXSourcesBuildPhase;
			buildActionMask = 2147483647;
			files = (
			);
			runOnlyForDeploymentPostprocessing = 0;
		};
/* End PBXSourcesBuildPhase section */

/* Begin PBXTargetDependency section */
		1A1A1A1A1A1A1A1A1A1A002B /* PBXTargetDependency */ = {
			isa = PBXTargetDependency;
			target = 1A1A1A1A1A1A1A1A1A1A0022 /* BudgetWidgets */;
			targetProxy = 1A1A1A1A1A1A1A1A1A1A002C /* PBXContainerItemProxy */;
		};
		1A1A1A1A1A1A1A1A1A1A0039 /* PBXTargetDependency */ = {
			isa = PBXTargetDependency;
			target = 1A1A1A1A1A1A1A1A1A1A0006 /* Budget */;
			targetProxy = 1A1A1A1A1A1A1A1A1A1A003A /* PBXContainerItemProxy */;
		};
/* End PBXTargetDependency section */

/* Begin XCBuildConfiguration section */
		1A1A1A1A1A1A1A1A1A1A000B /* Debug */ = {
			isa = XCBuildConfiguration;
			buildSettings = {
				ALWAYS_SEARCH_USER_PATHS = NO;
				ASSETCATALOG_COMPILER_GENERATE_SWIFT_ASSET_SYMBOL_EXTENSIONS = YES;
				CLANG_ANALYZER_NONNULL = YES;
				CLANG_ENABLE_MODULES = YES;
				CLANG_ENABLE_OBJC_ARC = YES;
				CLANG_WARN_BOOL_CONVERSION = YES;
				CLANG_WARN_DOCUMENTATION_COMMENTS = YES;
				CLANG_WARN_UNGUARDED_AVAILABILITY = YES_AGGRESSIVE;
				COPY_PHASE_STRIP = NO;
				DEBUG_INFORMATION_FORMAT = dwarf;
				ENABLE_STRICT_OBJC_MSGSEND = YES;
				ENABLE_TESTABILITY = YES;
				ENABLE_USER_SCRIPT_SANDBOXING = YES;
				GCC_C_LANGUAGE_STANDARD = gnu17;
				GCC_DYNAMIC_NO_PIC = NO;
				GCC_NO_COMMON_BLOCKS = YES;
				GCC_OPTIMIZATION_LEVEL = 0;
				GCC_PREPROCESSOR_DEFINITIONS = (
					"DEBUG=1",
					"$(inherited)",
				);
				IPHONEOS_DEPLOYMENT_TARGET = 18.0;
				MTL_ENABLE_DEBUG_INFO = INCLUDE_SOURCE;
				MTL_FAST_MATH = YES;
				ONLY_ACTIVE_ARCH = YES;
				SDKROOT = iphoneos;
				SWIFT_ACTIVE_COMPILATION_CONDITIONS = "DEBUG $(inherited)";
				SWIFT_OPTIMIZATION_LEVEL = "-Onone";
			};
			name = Debug;
		};
		1A1A1A1A1A1A1A1A1A1A000C /* Release */ = {
			isa = XCBuildConfiguration;
			buildSettings = {
				ALWAYS_SEARCH_USER_PATHS = NO;
				ASSETCATALOG_COMPILER_GENERATE_SWIFT_ASSET_SYMBOL_EXTENSIONS = YES;
				CLANG_ANALYZER_NONNULL = YES;
				CLANG_ENABLE_MODULES = YES;
				CLANG_ENABLE_OBJC_ARC = YES;
				CLANG_WARN_BOOL_CONVERSION = YES;
				CLANG_WARN_DOCUMENTATION_COMMENTS = YES;
				CLANG_WARN_UNGUARDED_AVAILABILITY = YES_AGGRESSIVE;
				COPY_PHASE_STRIP = NO;
				DEBUG_INFORMATION_FORMAT = "dwarf-with-dsym";
				ENABLE_NS_ASSERTIONS = NO;
				ENABLE_STRICT_OBJC_MSGSEND = YES;
				ENABLE_USER_SCRIPT_SANDBOXING = YES;
				GCC_C_LANGUAGE_STANDARD = gnu17;
				GCC_NO_COMMON_BLOCKS = YES;
				IPHONEOS_DEPLOYMENT_TARGET = 18.0;
				MTL_ENABLE_DEBUG_INFO = NO;
				MTL_FAST_MATH = YES;
				SDKROOT = iphoneos;
				SWIFT_COMPILATION_MODE = wholemodule;
				VALIDATE_PRODUCT = YES;
			};
			name = Release;
		};
		1A1A1A1A1A1A1A1A1A1A000E /* Debug */ = {
			isa = XCBuildConfiguration;
			buildSettings = {
				ASSETCATALOG_COMPILER_APPICON_NAME = AppIcon;
				ASSETCATALOG_COMPILER_GLOBAL_ACCENT_COLOR_NAME = AccentColor;
				CODE_SIGN_ENTITLEMENTS = Budget/Budget.entitlements;
				CODE_SIGN_STYLE = Automatic;
				CURRENT_PROJECT_VERSION = 1;
				DEVELOPMENT_TEAM = HU8469YMU5;
				ENABLE_PREVIEWS = YES;
				GENERATE_INFOPLIST_FILE = YES;
				INFOPLIST_KEY_CFBundleDisplayName = Qazyna;
				INFOPLIST_KEY_NSCameraUsageDescription = "Scan receipts to add transactions.";
				INFOPLIST_KEY_NSFaceIDUsageDescription = "Unlock Budget with Face ID.";
				INFOPLIST_KEY_NSPhotoLibraryUsageDescription = "Import receipts and statements from your photos.";
				INFOPLIST_KEY_UIApplicationSceneManifest_Generation = YES;
				INFOPLIST_KEY_UIApplicationSupportsIndirectInputEvents = YES;
				INFOPLIST_KEY_UILaunchScreen_Generation = YES;
				INFOPLIST_KEY_UISupportedInterfaceOrientations_iPhone = "UIInterfaceOrientationPortrait UIInterfaceOrientationLandscapeLeft UIInterfaceOrientationLandscapeRight";
				LD_RUNPATH_SEARCH_PATHS = (
					"$(inherited)",
					"@executable_path/Frameworks",
				);
				MARKETING_VERSION = 1.0;
				PRODUCT_BUNDLE_IDENTIFIER = "com.qazyna.app";
				PRODUCT_NAME = "$(TARGET_NAME)";
				SWIFT_EMIT_LOC_STRINGS = YES;
				SWIFT_VERSION = 5.0;
				TARGETED_DEVICE_FAMILY = 1;
			};
			name = Debug;
		};
		1A1A1A1A1A1A1A1A1A1A000F /* Release */ = {
			isa = XCBuildConfiguration;
			buildSettings = {
				ASSETCATALOG_COMPILER_APPICON_NAME = AppIcon;
				ASSETCATALOG_COMPILER_GLOBAL_ACCENT_COLOR_NAME = AccentColor;
				CODE_SIGN_ENTITLEMENTS = Budget/Budget.entitlements;
				CODE_SIGN_STYLE = Automatic;
				CURRENT_PROJECT_VERSION = 1;
				DEVELOPMENT_TEAM = HU8469YMU5;
				ENABLE_PREVIEWS = YES;
				GENERATE_INFOPLIST_FILE = YES;
				INFOPLIST_KEY_CFBundleDisplayName = Qazyna;
				INFOPLIST_KEY_NSCameraUsageDescription = "Scan receipts to add transactions.";
				INFOPLIST_KEY_NSFaceIDUsageDescription = "Unlock Budget with Face ID.";
				INFOPLIST_KEY_NSPhotoLibraryUsageDescription = "Import receipts and statements from your photos.";
				INFOPLIST_KEY_UIApplicationSceneManifest_Generation = YES;
				INFOPLIST_KEY_UIApplicationSupportsIndirectInputEvents = YES;
				INFOPLIST_KEY_UILaunchScreen_Generation = YES;
				INFOPLIST_KEY_UISupportedInterfaceOrientations_iPhone = "UIInterfaceOrientationPortrait UIInterfaceOrientationLandscapeLeft UIInterfaceOrientationLandscapeRight";
				LD_RUNPATH_SEARCH_PATHS = (
					"$(inherited)",
					"@executable_path/Frameworks",
				);
				MARKETING_VERSION = 1.0;
				PRODUCT_BUNDLE_IDENTIFIER = "com.qazyna.app";
				PRODUCT_NAME = "$(TARGET_NAME)";
				SWIFT_EMIT_LOC_STRINGS = YES;
				SWIFT_VERSION = 5.0;
				TARGETED_DEVICE_FAMILY = 1;
			};
			name = Release;
		};
		1A1A1A1A1A1A1A1A1A1A0027 /* Debug */ = {
			isa = XCBuildConfiguration;
			buildSettings = {
				ASSETCATALOG_COMPILER_GLOBAL_ACCENT_COLOR_NAME = AccentColor;
				CODE_SIGN_ENTITLEMENTS = BudgetWidgets/BudgetWidgets.entitlements;
				CODE_SIGN_STYLE = Automatic;
				CURRENT_PROJECT_VERSION = 1;
				DEVELOPMENT_TEAM = HU8469YMU5;
				GENERATE_INFOPLIST_FILE = NO;
				INFOPLIST_FILE = BudgetWidgets/Info.plist;
				IPHONEOS_DEPLOYMENT_TARGET = 18.0;
				LD_RUNPATH_SEARCH_PATHS = (
					"$(inherited)",
					"@executable_path/Frameworks",
					"@executable_path/../../Frameworks",
				);
				MARKETING_VERSION = 1.0;
				PRODUCT_BUNDLE_IDENTIFIER = "com.qazyna.app.BudgetWidgets";
				PRODUCT_NAME = "$(TARGET_NAME)";
				SDKROOT = iphoneos;
				SKIP_INSTALL = YES;
				SWIFT_EMIT_LOC_STRINGS = YES;
				SWIFT_VERSION = 5.0;
				TARGETED_DEVICE_FAMILY = 1;
			};
			name = Debug;
		};
		1A1A1A1A1A1A1A1A1A1A0028 /* Release */ = {
			isa = XCBuildConfiguration;
			buildSettings = {
				ASSETCATALOG_COMPILER_GLOBAL_ACCENT_COLOR_NAME = AccentColor;
				CODE_SIGN_ENTITLEMENTS = BudgetWidgets/BudgetWidgets.entitlements;
				CODE_SIGN_STYLE = Automatic;
				CURRENT_PROJECT_VERSION = 1;
				DEVELOPMENT_TEAM = HU8469YMU5;
				GENERATE_INFOPLIST_FILE = NO;
				INFOPLIST_FILE = BudgetWidgets/Info.plist;
				IPHONEOS_DEPLOYMENT_TARGET = 18.0;
				LD_RUNPATH_SEARCH_PATHS = (
					"$(inherited)",
					"@executable_path/Frameworks",
					"@executable_path/../../Frameworks",
				);
				MARKETING_VERSION = 1.0;
				PRODUCT_BUNDLE_IDENTIFIER = "com.qazyna.app.BudgetWidgets";
				PRODUCT_NAME = "$(TARGET_NAME)";
				SDKROOT = iphoneos;
				SKIP_INSTALL = YES;
				SWIFT_EMIT_LOC_STRINGS = YES;
				SWIFT_VERSION = 5.0;
				TARGETED_DEVICE_FAMILY = 1;
				VALIDATE_PRODUCT = YES;
			};
			name = Release;
		};
		1A1A1A1A1A1A1A1A1A1A0037 /* Debug */ = {
			isa = XCBuildConfiguration;
			buildSettings = {
				BUNDLE_LOADER = "$(TEST_HOST)";
				CODE_SIGN_STYLE = Automatic;
				CURRENT_PROJECT_VERSION = 1;
				GENERATE_INFOPLIST_FILE = YES;
				IPHONEOS_DEPLOYMENT_TARGET = 18.0;
				MARKETING_VERSION = 1.0;
				PRODUCT_BUNDLE_IDENTIFIER = "com.qazyna.app.BudgetTests";
				PRODUCT_NAME = "$(TARGET_NAME)";
				SDKROOT = iphoneos;
				SWIFT_VERSION = 5.0;
				TARGETED_DEVICE_FAMILY = 1;
				TEST_HOST = "$(BUILT_PRODUCTS_DIR)/Budget.app/$(BUNDLE_EXECUTABLE_FOLDER_PATH)/Budget";
			};
			name = Debug;
		};
		1A1A1A1A1A1A1A1A1A1A0038 /* Release */ = {
			isa = XCBuildConfiguration;
			buildSettings = {
				BUNDLE_LOADER = "$(TEST_HOST)";
				CODE_SIGN_STYLE = Automatic;
				CURRENT_PROJECT_VERSION = 1;
				GENERATE_INFOPLIST_FILE = YES;
				IPHONEOS_DEPLOYMENT_TARGET = 18.0;
				MARKETING_VERSION = 1.0;
				PRODUCT_BUNDLE_IDENTIFIER = "com.qazyna.app.BudgetTests";
				PRODUCT_NAME = "$(TARGET_NAME)";
				SDKROOT = iphoneos;
				SWIFT_VERSION = 5.0;
				TARGETED_DEVICE_FAMILY = 1;
				TEST_HOST = "$(BUILT_PRODUCTS_DIR)/Budget.app/$(BUNDLE_EXECUTABLE_FOLDER_PATH)/Budget";
			};
			name = Release;
		};
/* End XCBuildConfiguration section */

/* Begin XCConfigurationList section */
		1A1A1A1A1A1A1A1A1A1A000A /* Build configuration list for PBXProject "Budget" */ = {
			isa = XCConfigurationList;
			buildConfigurations = (
				1A1A1A1A1A1A1A1A1A1A000B /* Debug */,
				1A1A1A1A1A1A1A1A1A1A000C /* Release */,
			);
			defaultConfigurationIsVisible = 0;
			defaultConfigurationName = Release;
		};
		1A1A1A1A1A1A1A1A1A1A000D /* Build configuration list for PBXNativeTarget "Budget" */ = {
			isa = XCConfigurationList;
			buildConfigurations = (
				1A1A1A1A1A1A1A1A1A1A000E /* Debug */,
				1A1A1A1A1A1A1A1A1A1A000F /* Release */,
			);
			defaultConfigurationIsVisible = 0;
			defaultConfigurationName = Release;
		};
		1A1A1A1A1A1A1A1A1A1A0026 /* Build configuration list for PBXNativeTarget "BudgetWidgets" */ = {
			isa = XCConfigurationList;
			buildConfigurations = (
				1A1A1A1A1A1A1A1A1A1A0027 /* Debug */,
				1A1A1A1A1A1A1A1A1A1A0028 /* Release */,
			);
			defaultConfigurationIsVisible = 0;
			defaultConfigurationName = Release;
		};
		1A1A1A1A1A1A1A1A1A1A0036 /* Build configuration list for PBXNativeTarget "BudgetTests" */ = {
			isa = XCConfigurationList;
			buildConfigurations = (
				1A1A1A1A1A1A1A1A1A1A0037 /* Debug */,
				1A1A1A1A1A1A1A1A1A1A0038 /* Release */,
			);
			defaultConfigurationIsVisible = 0;
			defaultConfigurationName = Release;
		};
/* End XCConfigurationList section */
	};
	rootObject = 1A1A1A1A1A1A1A1A1A1A0001 /* Project object */;
}
